
Microsoft Visual Studio Solution File, Format Version 12.00
# Visual Studio Version 17
VisualStudioVersion = 17.8.34316.72
MinimumVisualStudioVersion = 10.0.40219.1
Project("{FAE04EC0-301F-11D3-BF4B-00C04F79EFBC}") = "sitioWeb", "sitioWeb\sitioWeb.csproj", "{87A9A480-A840-47AF-9ED1-3799F35B63A5}"
EndProject
Project("{FAE04EC0-301F-11D3-BF4B-00C04F79EFBC}") = "WebServices", "WebServices\WebServices.csproj", "{83087E40-1190-4FC1-8C52-8DF4B00D0BCA}"
EndProject
Global
	GlobalSection(SolutionConfigurationPlatforms) = preSolution
		Debug|Any CPU = Debug|Any CPU
		Release|Any CPU = Release|Any CPU
	EndGlobalSection
	GlobalSection(ProjectConfigurationPlatforms) = postSolution
		{87A9A480-A840-47AF-9ED1-3799F35B63A5}.Debug|Any CPU.ActiveCfg = Debug|Any CPU
		{87A9A480-A840-47AF-9ED1-3799F35B63A5}.Debug|Any CPU.Build.0 = Debug|Any CPU
		{87A9A480-A840-47AF-9ED1-3799F35B63A5}.Release|Any CPU.ActiveCfg = Release|Any CPU
		{87A9A480-A840-47AF-9ED1-3799F35B63A5}.Release|Any CPU.Build.0 = Release|Any CPU
		{83087E40-1190-4FC1-8C52-8DF4B00D0BCA}.Debug|Any CPU.ActiveCfg = Debug|Any CPU
		{83087E40-1190-4FC1-8C52-8DF4B00D0BCA}.Debug|Any CPU.Build.0 = Debug|Any CPU
		{83087E40-1190-4FC1-8C52-8DF4B00D0BCA}.Release|Any CPU.ActiveCfg = Release|Any CPU
		{83087E40-1190-4FC1-8C52-8DF4B00D0BCA}.Release|Any CPU.Build.0 = Release|Any CPU
	EndGlobalSection
	GlobalSection(SolutionProperties) = preSolution
		HideSolutionNode = FALSE
	EndGlobalSection
	GlobalSection(ExtensibilityGlobals) = postSolution
		SolutionGuid = {660958ED-08D6-4D50-A252-C14B1A19EB21}
	EndGlobalSection
EndGlobal
